
Microsoft Visual Studio Solution File, Format Version 12.00
# Visual Studio Version 17
VisualStudioVersion = 17.14.36301.6 d17.14
MinimumVisualStudioVersion = 10.0.40219.1
Project("{FAE04EC0-301F-11D3-BF4B-00C04F79EFBC}") = "SolicitacaoService.Api", "SolicitacaoService\SolicitacaoService.Api.csproj", "{78FCF16E-B0FF-4531-90B4-E71593402C2B}"
EndProject
Project("{FAE04EC0-301F-11D3-BF4B-00C04F79EFBC}") = "SolicitacaoService.Domain", "SolicitacaoService.Domain\SolicitacaoService.Domain.csproj", "{D8F0F7E9-5474-4B74-83F3-090D3E3B3055}"
EndProject
Project("{FAE04EC0-301F-11D3-BF4B-00C04F79EFBC}") = "SolicitacaoServuce.Application", "SolicitacaoServuce.Application\SolicitacaoServuce.Application.csproj", "{D343BAD6-B786-43B9-86B3-E30C346FAE69}"
EndProject
Project("{FAE04EC0-301F-11D3-BF4B-00C04F79EFBC}") = "SolicitacaoService.Infraestructure", "SolicitacaoService.Infraestructure\SolicitacaoService.Infraestructure.csproj", "{6D3AA600-80C5-4467-869C-9B74C79204DD}"
EndProject
Global
	GlobalSection(SolutionConfigurationPlatforms) = preSolution
		Debug|Any CPU = Debug|Any CPU
		Release|Any CPU = Release|Any CPU
	EndGlobalSection
	GlobalSection(ProjectConfigurationPlatforms) = postSolution
		{78FCF16E-B0FF-4531-90B4-E71593402C2B}.Debug|Any CPU.ActiveCfg = Debug|Any CPU
		{78FCF16E-B0FF-4531-90B4-E71593402C2B}.Debug|Any CPU.Build.0 = Debug|Any CPU
		{78FCF16E-B0FF-4531-90B4-E71593402C2B}.Release|Any CPU.ActiveCfg = Release|Any CPU
		{78FCF16E-B0FF-4531-90B4-E71593402C2B}.Release|Any CPU.Build.0 = Release|Any CPU
		{D8F0F7E9-5474-4B74-83F3-090D3E3B3055}.Debug|Any CPU.ActiveCfg = Debug|Any CPU
		{D8F0F7E9-5474-4B74-83F3-090D3E3B3055}.Debug|Any CPU.Build.0 = Debug|Any CPU
		{D8F0F7E9-5474-4B74-83F3-090D3E3B3055}.Release|Any CPU.ActiveCfg = Release|Any CPU
		{D8F0F7E9-5474-4B74-83F3-090D3E3B3055}.Release|Any CPU.Build.0 = Release|Any CPU
		{D343BAD6-B786-43B9-86B3-E30C346FAE69}.Debug|Any CPU.ActiveCfg = Debug|Any CPU
		{D343BAD6-B786-43B9-86B3-E30C346FAE69}.Debug|Any CPU.Build.0 = Debug|Any CPU
		{D343BAD6-B786-43B9-86B3-E30C346FAE69}.Release|Any CPU.ActiveCfg = Release|Any CPU
		{D343BAD6-B786-43B9-86B3-E30C346FAE69}.Release|Any CPU.Build.0 = Release|Any CPU
		{6D3AA600-80C5-4467-869C-9B74C79204DD}.Debug|Any CPU.ActiveCfg = Debug|Any CPU
		{6D3AA600-80C5-4467-869C-9B74C79204DD}.Debug|Any CPU.Build.0 = Debug|Any CPU
		{6D3AA600-80C5-4467-869C-9B74C79204DD}.Release|Any CPU.ActiveCfg = Release|Any CPU
		{6D3AA600-80C5-4467-869C-9B74C79204DD}.Release|Any CPU.Build.0 = Release|Any CPU
	EndGlobalSection
	GlobalSection(SolutionProperties) = preSolution
		HideSolutionNode = FALSE
	EndGlobalSection
	GlobalSection(ExtensibilityGlobals) = postSolution
		SolutionGuid = {8157AE04-3C85-4055-B6E8-95A2262021CF}
	EndGlobalSection
EndGlobal
